// !$*UTF8*$!
{
	archiveVersion = 1;
	classes = {
	};
	objectVersion = 46;
	objects = {

/* Begin PBXBuildFile section */
		EE08ED8D18100413006605FE /* u_timer.h in Headers */ = {isa = PBXBuildFile; fileRef = EE08ED8C18100413006605FE /* u_timer.h */; };
		EE08ED8F181009AF006605FE /* u_timer.cpp in Sources */ = {isa = PBXBuildFile; fileRef = EE08ED8E181009AF006605FE /* u_timer.cpp */; };
		EE91FD071813DA8C002E5BA2 /* u_platform.h in Headers */ = {isa = PBXBuildFile; fileRef = EE91FD061813DA8C002E5BA2 /* u_platform.h */; };
		EE93607C181087F200B9EFCE /* SDL2.framework in Frameworks */ = {isa = PBXBuildFile; fileRef = EE93607B181087F200B9EFCE /* SDL2.framework */; };
		EE93CADA1813359D000CC676 /* u_window.h in Headers */ = {isa = PBXBuildFile; fileRef = EE93CAD91813359D000CC676 /* u_window.h */; };
		EE93CADC181335F1000CC676 /* u_window.cpp in Sources */ = {isa = PBXBuildFile; fileRef = EE93CADB181335F1000CC676 /* u_window.cpp */; };
/* End PBXBuildFile section */

/* Begin PBXFileReference section */
		EE08ED7F181001EA006605FE /* libUniversus.dylib */ = {isa = PBXFileReference; explicitFileType = "compiled.mach-o.dylib"; includeInIndex = 0; path = libUniversus.dylib; sourceTree = BUILT_PRODUCTS_DIR; };
		EE08ED8C18100413006605FE /* u_timer.h */ = {isa = PBXFileReference; fileEncoding = 4; lastKnownFileType = sourcecode.c.h; path = u_timer.h; sourceTree = "<group>"; };
		EE08ED8E181009AF006605FE /* u_timer.cpp */ = {isa = PBXFileReference; fileEncoding = 4; lastKnownFileType = sourcecode.cpp.cpp; path = u_timer.cpp; sourceTree = "<group>"; };
		EE91FD061813DA8C002E5BA2 /* u_platform.h */ = {isa = PBXFileReference; fileEncoding = 4; lastKnownFileType = sourcecode.c.h; path = u_platform.h; sourceTree = "<group>"; };
		EE93607B181087F200B9EFCE /* SDL2.framework */ = {isa = PBXFileReference; lastKnownFileType = wrapper.framework; name = SDL2.framework; path = Library/Frameworks/SDL2.framework; sourceTree = SDKROOT; };
		EE93CAD91813359D000CC676 /* u_window.h */ = {isa = PBXFileReference; fileEncoding = 4; lastKnownFileType = sourcecode.c.h; path = u_window.h; sourceTree = "<group>"; };
		EE93CADB181335F1000CC676 /* u_window.cpp */ = {isa = PBXFileReference; fileEncoding = 4; lastKnownFileType = sourcecode.cpp.cpp; path = u_window.cpp; sourceTree = "<group>"; };
/* End PBXFileReference section */

/* Begin PBXFrameworksBuildPhase section */
		EE08ED7C181001E9006605FE /* Frameworks */ = {
			isa = PBXFrameworksBuildPhase;
			buildActionMask = 2147483647;
			files = (
				EE93607C181087F200B9EFCE /* SDL2.framework in Frameworks */,
			);
			runOnlyForDeploymentPostprocessing = 0;
		};
/* End PBXFrameworksBuildPhase section */

/* Begin PBXGroup section */
		EE08ED74181001E9006605FE = {
			isa = PBXGroup;
			children = (
				EE93607B181087F200B9EFCE /* SDL2.framework */,
				EE91FD061813DA8C002E5BA2 /* u_platform.h */,
				EE93CADB181335F1000CC676 /* u_window.cpp */,
				EE93CAD91813359D000CC676 /* u_window.h */,
				EE08ED8C18100413006605FE /* u_timer.h */,
				EE08ED8E181009AF006605FE /* u_timer.cpp */,
				EE08ED80181001EA006605FE /* Products */,
			);
			sourceTree = "<group>";
		};
		EE08ED80181001EA006605FE /* Products */ = {
			isa = PBXGroup;
			children = (
				EE08ED7F181001EA006605FE /* libUniversus.dylib */,
			);
			name = Products;
			sourceTree = "<group>";
		};
/* End PBXGroup section */

/* Begin PBXHeadersBuildPhase section */
		EE08ED7D181001E9006605FE /* Headers */ = {
			isa = PBXHeadersBuildPhase;
			buildActionMask = 2147483647;
			files = (
				EE08ED8D18100413006605FE /* u_timer.h in Headers */,
				EE93CADA1813359D000CC676 /* u_window.h in Headers */,
				EE91FD071813DA8C002E5BA2 /* u_platform.h in Headers */,
			);
			runOnlyForDeploymentPostprocessing = 0;
		};
/* End PBXHeadersBuildPhase section */

/* Begin PBXNativeTarget section */
		EE08ED7E181001E9006605FE /* Universus */ = {
			isa = PBXNativeTarget;
			buildConfigurationList = EE08ED83181001EA006605FE /* Build configuration list for PBXNativeTarget "Universus" */;
			buildPhases = (
				EE08ED7B181001E9006605FE /* Sources */,
				EE08ED7C181001E9006605FE /* Frameworks */,
				EE08ED7D181001E9006605FE /* Headers */,
			);
			buildRules = (
			);
			dependencies = (
			);
			name = Universus;
			productName = Universus;
			productReference = EE08ED7F181001EA006605FE /* libUniversus.dylib */;
			productType = "com.apple.product-type.library.dynamic";
		};
/* End PBXNativeTarget section */

/* Begin PBXProject section */
		EE08ED76181001E9006605FE /* Project object */ = {
			isa = PBXProject;
			attributes = {
				LastUpgradeCheck = 0420;
			};
			buildConfigurationList = EE08ED79181001E9006605FE /* Build configuration list for PBXProject "Universus" */;
			compatibilityVersion = "Xcode 3.2";
			developmentRegion = English;
			hasScannedForEncodings = 0;
			knownRegions = (
				en,
			);
			mainGroup = EE08ED74181001E9006605FE;
			productRefGroup = EE08ED80181001EA006605FE /* Products */;
			projectDirPath = "";
			projectRoot = "";
			targets = (
				EE08ED7E181001E9006605FE /* Universus */,
			);
		};
/* End PBXProject section */

/* Begin PBXSourcesBuildPhase section */
		EE08ED7B181001E9006605FE /* Sources */ = {
			isa = PBXSourcesBuildPhase;
			buildActionMask = 2147483647;
			files = (
				EE08ED8F181009AF006605FE /* u_timer.cpp in Sources */,
				EE93CADC181335F1000CC676 /* u_window.cpp in Sources */,
			);
			runOnlyForDeploymentPostprocessing = 0;
		};
/* End PBXSourcesBuildPhase section */

/* Begin XCBuildConfiguration section */
		EE08ED81181001EA006605FE /* Debug */ = {
			isa = XCBuildConfiguration;
			buildSettings = {
				ALWAYS_SEARCH_USER_PATHS = NO;
				ARCHS = "$(ARCHS_STANDARD_64_BIT)";
				COPY_PHASE_STRIP = NO;
				GCC_C_LANGUAGE_STANDARD = gnu99;
				GCC_DYNAMIC_NO_PIC = NO;
				GCC_ENABLE_OBJC_EXCEPTIONS = YES;
				GCC_OPTIMIZATION_LEVEL = 0;
				GCC_PREPROCESSOR_DEFINITIONS = (
					"DEBUG=1",
					"$(inherited)",
				);
				GCC_SYMBOLS_PRIVATE_EXTERN = NO;
				GCC_VERSION = com.apple.compilers.llvm.clang.1_0;
				GCC_WARN_64_TO_32_BIT_CONVERSION = YES;
				GCC_WARN_ABOUT_MISSING_PROTOTYPES = YES;
				GCC_WARN_ABOUT_RETURN_TYPE = YES;
				GCC_WARN_UNUSED_VARIABLE = YES;
				MACOSX_DEPLOYMENT_TARGET = 10.6;
				ONLY_ACTIVE_ARCH = YES;
				SDKROOT = macosx;
			};
			name = Debug;
		};
		EE08ED82181001EA006605FE /* Release */ = {
			isa = XCBuildConfiguration;
			buildSettings = {
				ALWAYS_SEARCH_USER_PATHS = NO;
				ARCHS = "$(ARCHS_STANDARD_64_BIT)";
				COPY_PHASE_STRIP = YES;
				DEBUG_INFORMATION_FORMAT = "dwarf-with-dsym";
				GCC_C_LANGUAGE_STANDARD = gnu99;
				GCC_ENABLE_OBJC_EXCEPTIONS = YES;
				GCC_VERSION = com.apple.compilers.llvm.clang.1_0;
				GCC_WARN_64_TO_32_BIT_CONVERSION = YES;
				GCC_WARN_ABOUT_MISSING_PROTOTYPES = YES;
				GCC_WARN_ABOUT_RETURN_TYPE = YES;
				GCC_WARN_UNUSED_VARIABLE = YES;
				MACOSX_DEPLOYMENT_TARGET = 10.6;
				SDKROOT = macosx;
			};
			name = Release;
		};
		EE08ED84181001EA006605FE /* Debug */ = {
			isa = XCBuildConfiguration;
			buildSettings = {
				ARCHS = "$(ARCHS_STANDARD_32_64_BIT)";
				DEBUG_INFORMATION_FORMAT = "dwarf-with-dsym";
				EXECUTABLE_PREFIX = lib;
				GCC_ENABLE_SSE3_EXTENSIONS = NO;
				GCC_PRECOMPILE_PREFIX_HEADER = NO;
				GCC_VERSION = com.apple.compilers.llvm.clang.1_0;
				PRODUCT_NAME = "$(TARGET_NAME)";
			};
			name = Debug;
		};
		EE08ED85181001EA006605FE /* Release */ = {
			isa = XCBuildConfiguration;
			buildSettings = {
				ARCHS = "$(ARCHS_STANDARD_32_64_BIT)";
				DEBUG_INFORMATION_FORMAT = "dwarf-with-dsym";
				EXECUTABLE_PREFIX = lib;
				GCC_ENABLE_SSE3_EXTENSIONS = NO;
				GCC_PRECOMPILE_PREFIX_HEADER = NO;
				GCC_VERSION = com.apple.compilers.llvm.clang.1_0;
				PRODUCT_NAME = "$(TARGET_NAME)";
			};
			name = Release;
		};
/* End XCBuildConfiguration section */

/* Begin XCConfigurationList section */
		EE08ED79181001E9006605FE /* Build configuration list for PBXProject "Universus" */ = {
			isa = XCConfigurationList;
			buildConfigurations = (
				EE08ED81181001EA006605FE /* Debug */,
				EE08ED82181001EA006605FE /* Release */,
			);
			defaultConfigurationIsVisible = 0;
			defaultConfigurationName = Release;
		};
		EE08ED83181001EA006605FE /* Build configuration list for PBXNativeTarget "Universus" */ = {
			isa = XCConfigurationList;
			buildConfigurations = (
				EE08ED84181001EA006605FE /* Debug */,
				EE08ED85181001EA006605FE /* Release */,
			);
			defaultConfigurationIsVisible = 0;
			defaultConfigurationName = Release;
		};
/* End XCConfigurationList section */
	};
	rootObject = EE08ED76181001E9006605FE /* Project object */;
}
